{
  "name": "dersler",
  "lockfileVersion": 2,
  "requires": true,
  "packages": {
    "": {
      "devDependencies": {
        "web-vitals": "^3.0.2"
      }
    },
    "node_modules/web-vitals": {
      "version": "3.0.2",
      "resolved": "https://registry.npmjs.org/web-vitals/-/web-vitals-3.0.2.tgz",
      "integrity": "sha512-YygzeCdGpNrCHIjW14AI4SxMX2IcONhDvwhHc9KswCIixfSeVl08WdKDfzZaypq2ynRIG3lzGO3CO5dXYzc9+w==",
      "dev": true
    }
  },
  "dependencies": {
    "web-vitals": {
      "version": "3.0.2",
      "resolved": "https://registry.npmjs.org/web-vitals/-/web-vitals-3.0.2.tgz",
      "integrity": "sha512-YygzeCdGpNrCHIjW14AI4SxMX2IcONhDvwhHc9KswCIixfSeVl08WdKDfzZaypq2ynRIG3lzGO3CO5dXYzc9+w==",
      "dev": true
    }
  }
}
